// !$*UTF8*$!
{
	archiveVersion = 1;
	classes = {
	};
	objectVersion = 50;
	objects = {

/* Begin PBXBuildFile section */
		4482EC9726D24C78005B719C /* AppDelegate.swift in Sources */ = {isa = PBXBuildFile; fileRef = 4482EC9626D24C78005B719C /* AppDelegate.swift */; };
		4482EC9926D24C78005B719C /* SceneDelegate.swift in Sources */ = {isa = PBXBuildFile; fileRef = 4482EC9826D24C78005B719C /* SceneDelegate.swift */; };
		4482EC9B26D24C78005B719C /* OnboardingController.swift in Sources */ = {isa = PBXBuildFile; fileRef = 4482EC9A26D24C78005B719C /* OnboardingController.swift */; };
		4482EC9E26D24C78005B719C /* Main.storyboard in Resources */ = {isa = PBXBuildFile; fileRef = 4482EC9C26D24C78005B719C /* Main.storyboard */; };
		4482ECA026D24C7B005B719C /* Assets.xcassets in Resources */ = {isa = PBXBuildFile; fileRef = 4482EC9F26D24C7B005B719C /* Assets.xcassets */; };
		4482ECA326D24C7B005B719C /* LaunchScreen.storyboard in Resources */ = {isa = PBXBuildFile; fileRef = 4482ECA126D24C7B005B719C /* LaunchScreen.storyboard */; };
		4482ECB226D24D5F005B719C /* OnboardingView.swift in Sources */ = {isa = PBXBuildFile; fileRef = 4482ECB126D24D5F005B719C /* OnboardingView.swift */; };
		4482ECB426D24D6C005B719C /* OnboardingModel.swift in Sources */ = {isa = PBXBuildFile; fileRef = 4482ECB326D24D6C005B719C /* OnboardingModel.swift */; };
		4482ECB626D24D77005B719C /* Onboarding.swift in Sources */ = {isa = PBXBuildFile; fileRef = 4482ECB526D24D77005B719C /* Onboarding.swift */; };
/* End PBXBuildFile section */

/* Begin PBXFileReference section */
		4482EC9326D24C78005B719C /* TableViewSettingsMVC.app */ = {isa = PBXFileReference; explicitFileType = wrapper.application; includeInIndex = 0; path = TableViewSettingsMVC.app; sourceTree = BUILT_PRODUCTS_DIR; };
		4482EC9626D24C78005B719C /* AppDelegate.swift */ = {isa = PBXFileReference; lastKnownFileType = sourcecode.swift; path = AppDelegate.swift; sourceTree = "<group>"; };
		4482EC9826D24C78005B719C /* SceneDelegate.swift */ = {isa = PBXFileReference; lastKnownFileType = sourcecode.swift; path = SceneDelegate.swift; sourceTree = "<group>"; };
		4482EC9A26D24C78005B719C /* OnboardingController.swift */ = {isa = PBXFileReference; lastKnownFileType = sourcecode.swift; path = OnboardingController.swift; sourceTree = "<group>"; };
		4482EC9D26D24C78005B719C /* Base */ = {isa = PBXFileReference; lastKnownFileType = file.storyboard; name = Base; path = Base.lproj/Main.storyboard; sourceTree = "<group>"; };
		4482EC9F26D24C7B005B719C /* Assets.xcassets */ = {isa = PBXFileReference; lastKnownFileType = folder.assetcatalog; path = Assets.xcassets; sourceTree = "<group>"; };
		4482ECA226D24C7B005B719C /* Base */ = {isa = PBXFileReference; lastKnownFileType = file.storyboard; name = Base; path = Base.lproj/LaunchScreen.storyboard; sourceTree = "<group>"; };
		4482ECA426D24C7B005B719C /* Info.plist */ = {isa = PBXFileReference; lastKnownFileType = text.plist.xml; path = Info.plist; sourceTree = "<group>"; };
		4482ECB126D24D5F005B719C /* OnboardingView.swift */ = {isa = PBXFileReference; lastKnownFileType = sourcecode.swift; path = OnboardingView.swift; sourceTree = "<group>"; };
		4482ECB326D24D6C005B719C /* OnboardingModel.swift */ = {isa = PBXFileReference; lastKnownFileType = sourcecode.swift; path = OnboardingModel.swift; sourceTree = "<group>"; };
		4482ECB526D24D77005B719C /* Onboarding.swift */ = {isa = PBXFileReference; lastKnownFileType = sourcecode.swift; path = Onboarding.swift; sourceTree = "<group>"; };
/* End PBXFileReference section */

/* Begin PBXFrameworksBuildPhase section */
		4482EC9026D24C78005B719C /* Frameworks */ = {
			isa = PBXFrameworksBuildPhase;
			buildActionMask = 2147483647;
			files = (
			);
			runOnlyForDeploymentPostprocessing = 0;
		};
/* End PBXFrameworksBuildPhase section */

/* Begin PBXGroup section */
		4482EC8A26D24C77005B719C = {
			isa = PBXGroup;
			children = (
				4482EC9526D24C78005B719C /* TableViewSettingsMVC */,
				4482EC9426D24C78005B719C /* Products */,
			);
			sourceTree = "<group>";
		};
		4482EC9426D24C78005B719C /* Products */ = {
			isa = PBXGroup;
			children = (
				4482EC9326D24C78005B719C /* TableViewSettingsMVC.app */,
			);
			name = Products;
			sourceTree = "<group>";
		};
		4482EC9526D24C78005B719C /* TableViewSettingsMVC */ = {
			isa = PBXGroup;
			children = (
				4482ECAB26D24CEC005B719C /* Sources */,
				4482ECAA26D24CE6005B719C /* Resources */,
			);
			path = TableViewSettingsMVC;
			sourceTree = "<group>";
		};
		4482ECAA26D24CE6005B719C /* Resources */ = {
			isa = PBXGroup;
			children = (
				4482EC9C26D24C78005B719C /* Main.storyboard */,
				4482EC9F26D24C7B005B719C /* Assets.xcassets */,
				4482ECA126D24C7B005B719C /* LaunchScreen.storyboard */,
				4482ECA426D24C7B005B719C /* Info.plist */,
			);
			path = Resources;
			sourceTree = "<group>";
		};
		4482ECAB26D24CEC005B719C /* Sources */ = {
			isa = PBXGroup;
			children = (
				4482ECAC26D24D0B005B719C /* App */,
				4482ECAD26D24D10005B719C /* Scenes */,
			);
			path = Sources;
			sourceTree = "<group>";
		};
		4482ECAC26D24D0B005B719C /* App */ = {
			isa = PBXGroup;
			children = (
				4482EC9626D24C78005B719C /* AppDelegate.swift */,
				4482EC9826D24C78005B719C /* SceneDelegate.swift */,
			);
			path = App;
			sourceTree = "<group>";
		};
		4482ECAD26D24D10005B719C /* Scenes */ = {
			isa = PBXGroup;
			children = (
				4482ECB026D24D20005B719C /* Controller */,
				4482ECAF26D24D1B005B719C /* View */,
				4482ECAE26D24D16005B719C /* Model */,
			);
			path = Scenes;
			sourceTree = "<group>";
		};
		4482ECAE26D24D16005B719C /* Model */ = {
			isa = PBXGroup;
			children = (
				4482ECB326D24D6C005B719C /* OnboardingModel.swift */,
				4482ECB526D24D77005B719C /* Onboarding.swift */,
			);
			path = Model;
			sourceTree = "<group>";
		};
		4482ECAF26D24D1B005B719C /* View */ = {
			isa = PBXGroup;
			children = (
				4482ECB126D24D5F005B719C /* OnboardingView.swift */,
			);
			path = View;
			sourceTree = "<group>";
		};
		4482ECB026D24D20005B719C /* Controller */ = {
			isa = PBXGroup;
			children = (
				4482EC9A26D24C78005B719C /* OnboardingController.swift */,
			);
			path = Controller;
			sourceTree = "<group>";
		};
/* End PBXGroup section */

/* Begin PBXNativeTarget section */
		4482EC9226D24C78005B719C /* TableViewSettingsMVC */ = {
			isa = PBXNativeTarget;
			buildConfigurationList = 4482ECA726D24C7B005B719C /* Build configuration list for PBXNativeTarget "TableViewSettingsMVC" */;
			buildPhases = (
				4482EC8F26D24C78005B719C /* Sources */,
				4482EC9026D24C78005B719C /* Frameworks */,
				4482EC9126D24C78005B719C /* Resources */,
			);
			buildRules = (
			);
			dependencies = (
			);
			name = TableViewSettingsMVC;
			productName = TableViewSettingsMVC;
			productReference = 4482EC9326D24C78005B719C /* TableViewSettingsMVC.app */;
			productType = "com.apple.product-type.application";
		};
/* End PBXNativeTarget section */

/* Begin PBXProject section */
		4482EC8B26D24C77005B719C /* Project object */ = {
			isa = PBXProject;
			attributes = {
				LastSwiftUpdateCheck = 1250;
				LastUpgradeCheck = 1250;
				TargetAttributes = {
					4482EC9226D24C78005B719C = {
						CreatedOnToolsVersion = 12.5.1;
					};
				};
			};
			buildConfigurationList = 4482EC8E26D24C77005B719C /* Build configuration list for PBXProject "TableViewSettingsMVC" */;
			compatibilityVersion = "Xcode 9.3";
			developmentRegion = en;
			hasScannedForEncodings = 0;
			knownRegions = (
				en,
				Base,
			);
			mainGroup = 4482EC8A26D24C77005B719C;
			productRefGroup = 4482EC9426D24C78005B719C /* Products */;
			projectDirPath = "";
			projectRoot = "";
			targets = (
				4482EC9226D24C78005B719C /* TableViewSettingsMVC */,
			);
		};
/* End PBXProject section */

/* Begin PBXResourcesBuildPhase section */
		4482EC9126D24C78005B719C /* Resources */ = {
			isa = PBXResourcesBuildPhase;
			buildActionMask = 2147483647;
			files = (
				4482ECA326D24C7B005B719C /* LaunchScreen.storyboard in Resources */,
				4482ECA026D24C7B005B719C /* Assets.xcassets in Resources */,
				4482EC9E26D24C78005B719C /* Main.storyboard in Resources */,
			);
			runOnlyForDeploymentPostprocessing = 0;
		};
/* End PBXResourcesBuildPhase section */

/* Begin PBXSourcesBuildPhase section */
		4482EC8F26D24C78005B719C /* Sources */ = {
			isa = PBXSourcesBuildPhase;
			buildActionMask = 2147483647;
			files = (
				4482ECB626D24D77005B719C /* Onboarding.swift in Sources */,
				4482EC9B26D24C78005B719C /* OnboardingController.swift in Sources */,
				4482ECB426D24D6C005B719C /* OnboardingModel.swift in Sources */,
				4482ECB226D24D5F005B719C /* OnboardingView.swift in Sources */,
				4482EC9726D24C78005B719C /* AppDelegate.swift in Sources */,
				4482EC9926D24C78005B719C /* SceneDelegate.swift in Sources */,
			);
			runOnlyForDeploymentPostprocessing = 0;
		};
/* End PBXSourcesBuildPhase section */

/* Begin PBXVariantGroup section */
		4482EC9C26D24C78005B719C /* Main.storyboard */ = {
			isa = PBXVariantGroup;
			children = (
				4482EC9D26D24C78005B719C /* Base */,
			);
			name = Main.storyboard;
			sourceTree = "<group>";
		};
		4482ECA126D24C7B005B719C /* LaunchScreen.storyboard */ = {
			isa = PBXVariantGroup;
			children = (
				4482ECA226D24C7B005B719C /* Base */,
			);
			name = LaunchScreen.storyboard;
			sourceTree = "<group>";
		};
/* End PBXVariantGroup section */

/* Begin XCBuildConfiguration section */
		4482ECA526D24C7B005B719C /* Debug */ = {
			isa = XCBuildConfiguration;
			buildSettings = {
				ALWAYS_SEARCH_USER_PATHS = NO;
				CLANG_ANALYZER_NONNULL = YES;
				CLANG_ANALYZER_NUMBER_OBJECT_CONVERSION = YES_AGGRESSIVE;
				CLANG_CXX_LANGUAGE_STANDARD = "gnu++14";
				CLANG_CXX_LIBRARY = "libc++";
				CLANG_ENABLE_MODULES = YES;
				CLANG_ENABLE_OBJC_ARC = YES;
				CLANG_ENABLE_OBJC_WEAK = YES;
				CLANG_WARN_BLOCK_CAPTURE_AUTORELEASING = YES;
				CLANG_WARN_BOOL_CONVERSION = YES;
				CLANG_WARN_COMMA = YES;
				CLANG_WARN_CONSTANT_CONVERSION = YES;
				CLANG_WARN_DEPRECATED_OBJC_IMPLEMENTATIONS = YES;
				CLANG_WARN_DIRECT_OBJC_ISA_USAGE = YES_ERROR;
				CLANG_WARN_DOCUMENTATION_COMMENTS = YES;
				CLANG_WARN_EMPTY_BODY = YES;
				CLANG_WARN_ENUM_CONVERSION = YES;
				CLANG_WARN_INFINITE_RECURSION = YES;
				CLANG_WARN_INT_CONVERSION = YES;
				CLANG_WARN_NON_LITERAL_NULL_CONVERSION = YES;
				CLANG_WARN_OBJC_IMPLICIT_RETAIN_SELF = YES;
				CLANG_WARN_OBJC_LITERAL_CONVERSION = YES;
				CLANG_WARN_OBJC_ROOT_CLASS = YES_ERROR;
				CLANG_WARN_QUOTED_INCLUDE_IN_FRAMEWORK_HEADER = YES;
				CLANG_WARN_RANGE_LOOP_ANALYSIS = YES;
				CLANG_WARN_STRICT_PROTOTYPES = YES;
				CLANG_WARN_SUSPICIOUS_MOVE = YES;
				CLANG_WARN_UNGUARDED_AVAILABILITY = YES_AGGRESSIVE;
				CLANG_WARN_UNREACHABLE_CODE = YES;
				CLANG_WARN__DUPLICATE_METHOD_MATCH = YES;
				COPY_PHASE_STRIP = NO;
				DEBUG_INFORMATION_FORMAT = dwarf;
				ENABLE_STRICT_OBJC_MSGSEND = YES;
				ENABLE_TESTABILITY = YES;
				GCC_C_LANGUAGE_STANDARD = gnu11;
				GCC_DYNAMIC_NO_PIC = NO;
				GCC_NO_COMMON_BLOCKS = YES;
				GCC_OPTIMIZATION_LEVEL = 0;
				GCC_PREPROCESSOR_DEFINITIONS = (
					"DEBUG=1",
					"$(inherited)",
				);
				GCC_WARN_64_TO_32_BIT_CONVERSION = YES;
				GCC_WARN_ABOUT_RETURN_TYPE = YES_ERROR;
				GCC_WARN_UNDECLARED_SELECTOR = YES;
				GCC_WARN_UNINITIALIZED_AUTOS = YES_AGGRESSIVE;
				GCC_WARN_UNUSED_FUNCTION = YES;
				GCC_WARN_UNUSED_VARIABLE = YES;
				IPHONEOS_DEPLOYMENT_TARGET = 14.5;
				MTL_ENABLE_DEBUG_INFO = INCLUDE_SOURCE;
				MTL_FAST_MATH = YES;
				ONLY_ACTIVE_ARCH = YES;
				SDKROOT = iphoneos;
				SWIFT_ACTIVE_COMPILATION_CONDITIONS = DEBUG;
				SWIFT_OPTIMIZATION_LEVEL = "-Onone";
			};
			name = Debug;
		};
		4482ECA626D24C7B005B719C /* Release */ = {
			isa = XCBuildConfiguration;
			buildSettings = {
				ALWAYS_SEARCH_USER_PATHS = NO;
				CLANG_ANALYZER_NONNULL = YES;
				CLANG_ANALYZER_NUMBER_OBJECT_CONVERSION = YES_AGGRESSIVE;
				CLANG_CXX_LANGUAGE_STANDARD = "gnu++14";
				CLANG_CXX_LIBRARY = "libc++";
				CLANG_ENABLE_MODULES = YES;
				CLANG_ENABLE_OBJC_ARC = YES;
				CLANG_ENABLE_OBJC_WEAK = YES;
				CLANG_WARN_BLOCK_CAPTURE_AUTORELEASING = YES;
				CLANG_WARN_BOOL_CONVERSION = YES;
				CLANG_WARN_COMMA = YES;
				CLANG_WARN_CONSTANT_CONVERSION = YES;
				CLANG_WARN_DEPRECATED_OBJC_IMPLEMENTATIONS = YES;
				CLANG_WARN_DIRECT_OBJC_ISA_USAGE = YES_ERROR;
				CLANG_WARN_DOCUMENTATION_COMMENTS = YES;
				CLANG_WARN_EMPTY_BODY = YES;
				CLANG_WARN_ENUM_CONVERSION = YES;
				CLANG_WARN_INFINITE_RECURSION = YES;
				CLANG_WARN_INT_CONVERSION = YES;
				CLANG_WARN_NON_LITERAL_NULL_CONVERSION = YES;
				CLANG_WARN_OBJC_IMPLICIT_RETAIN_SELF = YES;
				CLANG_WARN_OBJC_LITERAL_CONVERSION = YES;
				CLANG_WARN_OBJC_ROOT_CLASS = YES_ERROR;
				CLANG_WARN_QUOTED_INCLUDE_IN_FRAMEWORK_HEADER = YES;
				CLANG_WARN_RANGE_LOOP_ANALYSIS = YES;
				CLANG_WARN_STRICT_PROTOTYPES = YES;
				CLANG_WARN_SUSPICIOUS_MOVE = YES;
				CLANG_WARN_UNGUARDED_AVAILABILITY = YES_AGGRESSIVE;
				CLANG_WARN_UNREACHABLE_CODE = YES;
				CLANG_WARN__DUPLICATE_METHOD_MATCH = YES;
				COPY_PHASE_STRIP = NO;
				DEBUG_INFORMATION_FORMAT = "dwarf-with-dsym";
				ENABLE_NS_ASSERTIONS = NO;
				ENABLE_STRICT_OBJC_MSGSEND = YES;
				GCC_C_LANGUAGE_STANDARD = gnu11;
				GCC_NO_COMMON_BLOCKS = YES;
				GCC_WARN_64_TO_32_BIT_CONVERSION = YES;
				GCC_WARN_ABOUT_RETURN_TYPE = YES_ERROR;
				GCC_WARN_UNDECLARED_SELECTOR = YES;
				GCC_WARN_UNINITIALIZED_AUTOS = YES_AGGRESSIVE;
				GCC_WARN_UNUSED_FUNCTION = YES;
				GCC_WARN_UNUSED_VARIABLE = YES;
				IPHONEOS_DEPLOYMENT_TARGET = 14.5;
				MTL_ENABLE_DEBUG_INFO = NO;
				MTL_FAST_MATH = YES;
				SDKROOT = iphoneos;
				SWIFT_COMPILATION_MODE = wholemodule;
				SWIFT_OPTIMIZATION_LEVEL = "-O";
				VALIDATE_PRODUCT = YES;
			};
			name = Release;
		};
		4482ECA826D24C7B005B719C /* Debug */ = {
			isa = XCBuildConfiguration;
			buildSettings = {
				ASSETCATALOG_COMPILER_APPICON_NAME = AppIcon;
				ASSETCATALOG_COMPILER_GLOBAL_ACCENT_COLOR_NAME = AccentColor;
				CODE_SIGN_STYLE = Automatic;
				INFOPLIST_FILE = TableViewSettingsMVC/Resources/Info.plist;
				LD_RUNPATH_SEARCH_PATHS = (
					"$(inherited)",
					"@executable_path/Frameworks",
				);
				PRODUCT_BUNDLE_IDENTIFIER = mari.TableViewSettingsMVC;
				PRODUCT_NAME = "$(TARGET_NAME)";
				SWIFT_VERSION = 5.0;
				TARGETED_DEVICE_FAMILY = "1,2";
			};
			name = Debug;
		};
		4482ECA926D24C7B005B719C /* Release */ = {
			isa = XCBuildConfiguration;
			buildSettings = {
				ASSETCATALOG_COMPILER_APPICON_NAME = AppIcon;
				ASSETCATALOG_COMPILER_GLOBAL_ACCENT_COLOR_NAME = AccentColor;
				CODE_SIGN_STYLE = Automatic;
				INFOPLIST_FILE = TableViewSettingsMVC/Resources/Info.plist;
				LD_RUNPATH_SEARCH_PATHS = (
					"$(inherited)",
					"@executable_path/Frameworks",
				);
				PRODUCT_BUNDLE_IDENTIFIER = mari.TableViewSettingsMVC;
				PRODUCT_NAME = "$(TARGET_NAME)";
				SWIFT_VERSION = 5.0;
				TARGETED_DEVICE_FAMILY = "1,2";
			};
			name = Release;
		};
/* End XCBuildConfiguration section */

/* Begin XCConfigurationList section */
		4482EC8E26D24C77005B719C /* Build configuration list for PBXProject "TableViewSettingsMVC" */ = {
			isa = XCConfigurationList;
			buildConfigurations = (
				4482ECA526D24C7B005B719C /* Debug */,
				4482ECA626D24C7B005B719C /* Release */,
			);
			defaultConfigurationIsVisible = 0;
			defaultConfigurationName = Release;
		};
		4482ECA726D24C7B005B719C /* Build configuration list for PBXNativeTarget "TableViewSettingsMVC" */ = {
			isa = XCConfigurationList;
			buildConfigurations = (
				4482ECA826D24C7B005B719C /* Debug */,
				4482ECA926D24C7B005B719C /* Release */,
			);
			defaultConfigurationIsVisible = 0;
			defaultConfigurationName = Release;
		};
/* End XCConfigurationList section */
	};
	rootObject = 4482EC8B26D24C77005B719C /* Project object */;
}
